Microsoft Visual Studio Solution File, Format Version 12.00
# Visual Studio Version 17
VisualStudioVersion = 17.5.2.0
MinimumVisualStudioVersion = 10.0.40219.1
Project("{FAE04EC0-301F-11D3-BF4B-00C04F79EFBC}") = "FlixDIO", "FlixDIO.csproj", "{345E08DE-7EB8-6C3F-C5B7-551325FD8858}"
EndProject
Global
	GlobalSection(SolutionConfigurationPlatforms) = preSolution
		Debug|Any CPU = Debug|Any CPU
		Release|Any CPU = Release|Any CPU
	EndGlobalSection
	GlobalSection(ProjectConfigurationPlatforms) = postSolution
		{345E08DE-7EB8-6C3F-C5B7-551325FD8858}.Debug|Any CPU.ActiveCfg = Debug|Any CPU
		{345E08DE-7EB8-6C3F-C5B7-551325FD8858}.Debug|Any CPU.Build.0 = Debug|Any CPU
		{345E08DE-7EB8-6C3F-C5B7-551325FD8858}.Release|Any CPU.ActiveCfg = Release|Any CPU
		{345E08DE-7EB8-6C3F-C5B7-551325FD8858}.Release|Any CPU.Build.0 = Release|Any CPU
	EndGlobalSection
	GlobalSection(SolutionProperties) = preSolution
		HideSolutionNode = FALSE
	EndGlobalSection
	GlobalSection(ExtensibilityGlobals) = postSolution
		SolutionGuid = {35F308A3-EDCB-4DF4-BB48-3EC06C4A377E}
	EndGlobalSection
EndGlobal
